
Microsoft Visual Studio Solution File, Format Version 12.00
# Visual Studio Version 17
VisualStudioVersion = 17.1.32228.430
MinimumVisualStudioVersion = 10.0.40219.1
Project("{2150E333-8FDC-42A3-9474-1A3956D46DE8}") = "src", "src", "{78EC21BB-B93D-4EB8-AD69-8314513C1980}"
EndProject
Project("{9A19103F-16F7-4668-BE54-9A1E7A4F7556}") = "Tyde", "src\Tyde\Tyde.csproj", "{1E18DBD4-7454-4FA1-836E-37D8B473223D}"
EndProject
Project("{9A19103F-16F7-4668-BE54-9A1E7A4F7556}") = "Tyde.Shared", "src\Tyde.Shared\Tyde.Shared.csproj", "{48522256-D196-4F14-B3AE-DCD185E37F27}"
EndProject
Project("{9A19103F-16F7-4668-BE54-9A1E7A4F7556}") = "Tyde.Core", "src\Tyde.Core\Tyde.Core.csproj", "{8502652B-CA14-4F91-A272-ACC232CAB9B4}"
EndProject
Global
	GlobalSection(SolutionConfigurationPlatforms) = preSolution
		Debug|Any CPU = Debug|Any CPU
		Release|Any CPU = Release|Any CPU
	EndGlobalSection
	GlobalSection(ProjectConfigurationPlatforms) = postSolution
		{1E18DBD4-7454-4FA1-836E-37D8B473223D}.Debug|Any CPU.ActiveCfg = Debug|Any CPU
		{1E18DBD4-7454-4FA1-836E-37D8B473223D}.Debug|Any CPU.Build.0 = Debug|Any CPU
		{1E18DBD4-7454-4FA1-836E-37D8B473223D}.Release|Any CPU.ActiveCfg = Release|Any CPU
		{1E18DBD4-7454-4FA1-836E-37D8B473223D}.Release|Any CPU.Build.0 = Release|Any CPU
		{48522256-D196-4F14-B3AE-DCD185E37F27}.Debug|Any CPU.ActiveCfg = Debug|Any CPU
		{48522256-D196-4F14-B3AE-DCD185E37F27}.Debug|Any CPU.Build.0 = Debug|Any CPU
		{48522256-D196-4F14-B3AE-DCD185E37F27}.Release|Any CPU.ActiveCfg = Release|Any CPU
		{48522256-D196-4F14-B3AE-DCD185E37F27}.Release|Any CPU.Build.0 = Release|Any CPU
		{8502652B-CA14-4F91-A272-ACC232CAB9B4}.Debug|Any CPU.ActiveCfg = Debug|Any CPU
		{8502652B-CA14-4F91-A272-ACC232CAB9B4}.Debug|Any CPU.Build.0 = Debug|Any CPU
		{8502652B-CA14-4F91-A272-ACC232CAB9B4}.Release|Any CPU.ActiveCfg = Release|Any CPU
		{8502652B-CA14-4F91-A272-ACC232CAB9B4}.Release|Any CPU.Build.0 = Release|Any CPU
	EndGlobalSection
	GlobalSection(SolutionProperties) = preSolution
		HideSolutionNode = FALSE
	EndGlobalSection
	GlobalSection(NestedProjects) = preSolution
		{1E18DBD4-7454-4FA1-836E-37D8B473223D} = {78EC21BB-B93D-4EB8-AD69-8314513C1980}
		{48522256-D196-4F14-B3AE-DCD185E37F27} = {78EC21BB-B93D-4EB8-AD69-8314513C1980}
		{8502652B-CA14-4F91-A272-ACC232CAB9B4} = {78EC21BB-B93D-4EB8-AD69-8314513C1980}
	EndGlobalSection
	GlobalSection(ExtensibilityGlobals) = postSolution
		SolutionGuid = {4C1A8ABD-34B0-4A2E-BCC7-608FDFF0D3E2}
	EndGlobalSection
EndGlobal
